
Microsoft Visual Studio Solution File, Format Version 12.00
# Visual Studio Version 17
VisualStudioVersion = 17.5.33516.290
MinimumVisualStudioVersion = 10.0.40219.1
Project("{9A19103F-16F7-4668-BE54-9A1E7A4F7556}") = "Undersoft.SSC", "src\Undersoft.SSC\Undersoft.SSC.csproj", "{3CD6577A-B481-4665-A004-77ECC8BED615}"
EndProject
Project("{9A19103F-16F7-4668-BE54-9A1E7A4F7556}") = "Undersoft.SSC.Web", "src\Undersoft.SSC.Web\Undersoft.SSC.Web.csproj", "{73B3E061-D118-484A-B10B-B6946249A70A}"
EndProject
Project("{54A90642-561A-4BB1-A94E-469ADEE60C69}") = "undersoft.ssc.web.app.client", "src\undersoft.ssc.web.app.client\undersoft.ssc.web.app.client.esproj", "{0EBA14CC-F773-45AC-B45D-D4EA382D2EED}"
EndProject
Project("{9A19103F-16F7-4668-BE54-9A1E7A4F7556}") = "Undersoft.SSC.Web.App.Server", "src\Undersoft.SSC.Web.App.Server\Undersoft.SSC.Web.App.Server.csproj", "{C5AA4878-00E6-41D7-9B47-B76F059A60AE}"
EndProject
Project("{2150E333-8FDC-42A3-9474-1A3956D46DE8}") = "Undersoft.SSC.Web.App", "Undersoft.SSC.Web.App", "{47A7DB7B-A9A8-4D6A-912B-B80E37B54D41}"
EndProject
Project("{2150E333-8FDC-42A3-9474-1A3956D46DE8}") = "Undersoft.SSC.Web", "Undersoft.SSC.Web", "{DA7334D0-0745-48DB-BCBD-BD35B75A2097}"
EndProject
Project("{9A19103F-16F7-4668-BE54-9A1E7A4F7556}") = "Undersoft.SSC.Web.Service", "src\Undersoft.SSC.Web.Service\Undersoft.SSC.Web.Service.csproj", "{88814FF4-0608-461C-8CB7-60343CC6E52A}"
EndProject
Project("{9A19103F-16F7-4668-BE54-9A1E7A4F7556}") = "Undersoft.SSC.Web.Service.API", "src\Undersoft.SSC.Web.Service.API\Undersoft.SSC.Web.Service.API.csproj", "{41236440-AA1C-4124-8F44-DCDE613D833C}"
EndProject
Project("{2150E333-8FDC-42A3-9474-1A3956D46DE8}") = "Undersoft.SSC.Web.Service", "Undersoft.SSC.Web.Service", "{D90897C2-4BCE-4D04-9A74-4E497EE7ED5B}"
EndProject
Project("{2150E333-8FDC-42A3-9474-1A3956D46DE8}") = "Undersoft.SSC", "Undersoft.SSC", "{B2D74422-20A0-4239-84E0-D11645E67B3C}"
EndProject
Project("{2150E333-8FDC-42A3-9474-1A3956D46DE8}") = "Undersoft.SSC.QA", "Undersoft.SSC.QA", "{445B9D1D-FD0E-44DF-8A0D-47589768BFF7}"
EndProject
Project("{FAE04EC0-301F-11D3-BF4B-00C04F79EFBC}") = "Undersoft.SSC.Web.App", "src\Undersoft.SSC.Web.App\Undersoft.SSC.Web.App.csproj", "{4ACAEF6B-6D49-494D-8CB7-24A228CD7C02}"
EndProject
Project("{FAE04EC0-301F-11D3-BF4B-00C04F79EFBC}") = "Undersoft.SSC.Web.Tests", "qa\Undersoft.SSC.Web.Tests\Undersoft.SSC.Web.Tests.csproj", "{4058CCED-9347-4A3C-8E77-C246C38646EC}"
EndProject
Global
	GlobalSection(SolutionConfigurationPlatforms) = preSolution
		Debug|Any CPU = Debug|Any CPU
		Release|Any CPU = Release|Any CPU
	EndGlobalSection
	GlobalSection(ProjectConfigurationPlatforms) = postSolution
		{3CD6577A-B481-4665-A004-77ECC8BED615}.Debug|Any CPU.ActiveCfg = Debug|Any CPU
		{3CD6577A-B481-4665-A004-77ECC8BED615}.Debug|Any CPU.Build.0 = Debug|Any CPU
		{3CD6577A-B481-4665-A004-77ECC8BED615}.Release|Any CPU.ActiveCfg = Release|Any CPU
		{3CD6577A-B481-4665-A004-77ECC8BED615}.Release|Any CPU.Build.0 = Release|Any CPU
		{73B3E061-D118-484A-B10B-B6946249A70A}.Debug|Any CPU.ActiveCfg = Debug|Any CPU
		{73B3E061-D118-484A-B10B-B6946249A70A}.Debug|Any CPU.Build.0 = Debug|Any CPU
		{73B3E061-D118-484A-B10B-B6946249A70A}.Release|Any CPU.ActiveCfg = Release|Any CPU
		{73B3E061-D118-484A-B10B-B6946249A70A}.Release|Any CPU.Build.0 = Release|Any CPU
		{0EBA14CC-F773-45AC-B45D-D4EA382D2EED}.Debug|Any CPU.ActiveCfg = Debug|Any CPU
		{0EBA14CC-F773-45AC-B45D-D4EA382D2EED}.Debug|Any CPU.Build.0 = Debug|Any CPU
		{0EBA14CC-F773-45AC-B45D-D4EA382D2EED}.Debug|Any CPU.Deploy.0 = Debug|Any CPU
		{0EBA14CC-F773-45AC-B45D-D4EA382D2EED}.Release|Any CPU.ActiveCfg = Release|Any CPU
		{0EBA14CC-F773-45AC-B45D-D4EA382D2EED}.Release|Any CPU.Build.0 = Release|Any CPU
		{0EBA14CC-F773-45AC-B45D-D4EA382D2EED}.Release|Any CPU.Deploy.0 = Release|Any CPU
		{C5AA4878-00E6-41D7-9B47-B76F059A60AE}.Debug|Any CPU.ActiveCfg = Debug|Any CPU
		{C5AA4878-00E6-41D7-9B47-B76F059A60AE}.Debug|Any CPU.Build.0 = Debug|Any CPU
		{C5AA4878-00E6-41D7-9B47-B76F059A60AE}.Release|Any CPU.ActiveCfg = Release|Any CPU
		{C5AA4878-00E6-41D7-9B47-B76F059A60AE}.Release|Any CPU.Build.0 = Release|Any CPU
		{88814FF4-0608-461C-8CB7-60343CC6E52A}.Debug|Any CPU.ActiveCfg = Debug|Any CPU
		{88814FF4-0608-461C-8CB7-60343CC6E52A}.Debug|Any CPU.Build.0 = Debug|Any CPU
		{88814FF4-0608-461C-8CB7-60343CC6E52A}.Release|Any CPU.ActiveCfg = Release|Any CPU
		{88814FF4-0608-461C-8CB7-60343CC6E52A}.Release|Any CPU.Build.0 = Release|Any CPU
		{41236440-AA1C-4124-8F44-DCDE613D833C}.Debug|Any CPU.ActiveCfg = Debug|Any CPU
		{41236440-AA1C-4124-8F44-DCDE613D833C}.Debug|Any CPU.Build.0 = Debug|Any CPU
		{41236440-AA1C-4124-8F44-DCDE613D833C}.Release|Any CPU.ActiveCfg = Release|Any CPU
		{41236440-AA1C-4124-8F44-DCDE613D833C}.Release|Any CPU.Build.0 = Release|Any CPU
		{4ACAEF6B-6D49-494D-8CB7-24A228CD7C02}.Debug|Any CPU.ActiveCfg = Debug|Any CPU
		{4ACAEF6B-6D49-494D-8CB7-24A228CD7C02}.Debug|Any CPU.Build.0 = Debug|Any CPU
		{4ACAEF6B-6D49-494D-8CB7-24A228CD7C02}.Release|Any CPU.ActiveCfg = Release|Any CPU
		{4ACAEF6B-6D49-494D-8CB7-24A228CD7C02}.Release|Any CPU.Build.0 = Release|Any CPU
		{4058CCED-9347-4A3C-8E77-C246C38646EC}.Debug|Any CPU.ActiveCfg = Debug|Any CPU
		{4058CCED-9347-4A3C-8E77-C246C38646EC}.Debug|Any CPU.Build.0 = Debug|Any CPU
		{4058CCED-9347-4A3C-8E77-C246C38646EC}.Release|Any CPU.ActiveCfg = Release|Any CPU
		{4058CCED-9347-4A3C-8E77-C246C38646EC}.Release|Any CPU.Build.0 = Release|Any CPU
	EndGlobalSection
	GlobalSection(SolutionProperties) = preSolution
		HideSolutionNode = FALSE
	EndGlobalSection
	GlobalSection(NestedProjects) = preSolution
		{3CD6577A-B481-4665-A004-77ECC8BED615} = {B2D74422-20A0-4239-84E0-D11645E67B3C}
		{73B3E061-D118-484A-B10B-B6946249A70A} = {DA7334D0-0745-48DB-BCBD-BD35B75A2097}
		{0EBA14CC-F773-45AC-B45D-D4EA382D2EED} = {47A7DB7B-A9A8-4D6A-912B-B80E37B54D41}
		{C5AA4878-00E6-41D7-9B47-B76F059A60AE} = {47A7DB7B-A9A8-4D6A-912B-B80E37B54D41}
		{47A7DB7B-A9A8-4D6A-912B-B80E37B54D41} = {DA7334D0-0745-48DB-BCBD-BD35B75A2097}
		{DA7334D0-0745-48DB-BCBD-BD35B75A2097} = {B2D74422-20A0-4239-84E0-D11645E67B3C}
		{88814FF4-0608-461C-8CB7-60343CC6E52A} = {D90897C2-4BCE-4D04-9A74-4E497EE7ED5B}
		{41236440-AA1C-4124-8F44-DCDE613D833C} = {D90897C2-4BCE-4D04-9A74-4E497EE7ED5B}
		{D90897C2-4BCE-4D04-9A74-4E497EE7ED5B} = {DA7334D0-0745-48DB-BCBD-BD35B75A2097}
		{4ACAEF6B-6D49-494D-8CB7-24A228CD7C02} = {47A7DB7B-A9A8-4D6A-912B-B80E37B54D41}
		{4058CCED-9347-4A3C-8E77-C246C38646EC} = {445B9D1D-FD0E-44DF-8A0D-47589768BFF7}
	EndGlobalSection
	GlobalSection(ExtensibilityGlobals) = postSolution
		SolutionGuid = {F31728AB-97C6-4E0D-B412-898579AA77AD}
	EndGlobalSection
EndGlobal
